{
  "nodes": {
    "bun2nix": {
      "inputs": {
        "flake-parts": [
          "llm-agents",
          "flake-parts"
        ],
        "nixpkgs": [
          "llm-agents",
          "nixpkgs"
        ],
        "systems": [
          "llm-agents",
          "systems"
        ],
        "treefmt-nix": [
          "llm-agents",
          "treefmt-nix"
        ]
      },
      "locked": {
        "lastModified": 1784665499,
        "narHash": "sha256-9BMxlTxCCDAeoNLtb1a/st7udtTIJep+wpUzquA29VU=",
        "owner": "nix-community",
        "repo": "bun2nix",
        "rev": "0f2a1f0b6f42cebe3b149bf62d38754c5e0e9729",
        "type": "github"
      },
      "original": {
        "owner": "nix-community",
        "repo": "bun2nix",
        "type": "github"
      }
    },
    "disko": {
      "inputs": {
        "nixpkgs": "nixpkgs"
      },
      "locked": {
        "lastModified": 1781152676,
        "narHash": "sha256-RxWs5ND31KzTG7wvMM+PMfUjyNpmIEr999lqNARaM5o=",
        "owner": "nix-community",
        "repo": "disko",
        "rev": "ff8702b4de27f72b4c78573dfb89ec74e36abdf1",
        "type": "github"
      },
      "original": {
        "owner": "nix-community",
        "repo": "disko",
        "type": "github"
      }
    },
    "flake-file": {
      "locked": {
        "lastModified": 1785282747,
        "narHash": "sha256-ZwdMXUu0Udb4yzI65+psyJeUF+wexByNEvTUSx1xjVs=",
        "owner": "vic",
        "repo": "flake-file",
        "rev": "56c46842d70754345c4a4581b8cbebe87b8fc067",
        "type": "github"
      },
      "original": {
        "owner": "vic",
        "repo": "flake-file",
        "type": "github"
      }
    },
    "flake-parts": {
      "inputs": {
        "nixpkgs-lib": [
          "nixpkgs"
        ]
      },
      "locked": {
        "lastModified": 1787559586,
        "narHash": "sha256-onL0VLf9vPllmT0H/OlURIU5r5t5WIEl7t4tVNKT0Nw=",
        "owner": "hercules-ci",
        "repo": "flake-parts",
        "rev": "9d0d87172c374f89da73c1cfe6d81ae62feac1f1",
        "type": "github"
      },
      "original": {
        "owner": "hercules-ci",
        "repo": "flake-parts",
        "type": "github"
      }
    },
    "flake-parts_2": {
      "inputs": {
        "nixpkgs-lib": [
          "nixpkgs"
        ]
      },
      "locked": {
        "lastModified": 1787559586,
        "narHash": "sha256-onL0VLf9vPllmT0H/OlURIU5r5t5WIEl7t4tVNKT0Nw=",
        "owner": "hercules-ci",
        "repo": "flake-parts",
        "rev": "9d0d87172c374f89da73c1cfe6d81ae62feac1f1",
        "type": "github"
      },
      "original": {
        "owner": "hercules-ci",
        "repo": "flake-parts",
        "type": "github"
      }
    },
    "flake-parts_3": {
      "inputs": {
        "nixpkgs-lib": [
          "nixpkgs"
        ]
      },
      "locked": {
        "lastModified": 1787559586,
        "narHash": "sha256-onL0VLf9vPllmT0H/OlURIU5r5t5WIEl7t4tVNKT0Nw=",
        "owner": "hercules-ci",
        "repo": "flake-parts",
        "rev": "9d0d87172c374f89da73c1cfe6d81ae62feac1f1",
        "type": "github"
      },
      "original": {
        "owner": "hercules-ci",
        "repo": "flake-parts",
        "type": "github"
      }
    },
    "home-manager": {
      "inputs": {
        "nixpkgs": "nixpkgs_2"
      },
      "locked": {
        "lastModified": 1787377438,
        "narHash": "sha256-Sxu1NLTD/Ern6hFGLlZmtKCSct3YQXZI/lls8RE1XeM=",
        "owner": "nix-community",
        "repo": "home-manager",
        "rev": "65258d5c65a250189fde2e35f490d15e064c4c62",
        "type": "github"
      },
      "original": {
        "owner": "nix-community",
        "ref": "release-26.05",
        "repo": "home-manager",
        "type": "github"
      }
    },
    "import-tree": {
      "locked": {
        "lastModified": 1784254960,
        "narHash": "sha256-iI88R3wHz8wTKQb5orvpc51L/Xr64AJyxid/0MKa/b8=",
        "owner": "vic",
        "repo": "import-tree",
        "rev": "4ebb10ae17d5f1ad366e7aef5b92cb8eecf24f69",
        "type": "github"
      },
      "original": {
        "owner": "vic",
        "repo": "import-tree",
        "type": "github"
      }
    },
    "llm-agents": {
      "inputs": {
        "bun2nix": "bun2nix",
        "flake-parts": "flake-parts_2",
        "nixpkgs": [
          "nixpkgs-unstable"
        ],
        "systems": "systems",
        "treefmt-nix": "treefmt-nix"
      },
      "locked": {
        "lastModified": 1787704590,
        "narHash": "sha256-WxaT4eXm7WynrXjyi8XZHVD8y7bEE086AFa0zTtxy6A=",
        "owner": "numtide",
        "repo": "llm-agents.nix",
        "rev": "4c7c50e9c7aab5a1fbc8d4e26d196a76fde00fc3",
        "type": "github"
      },
      "original": {
        "owner": "numtide",
        "repo": "llm-agents.nix",
        "type": "github"
      }
    },
    "nix-auto-follow": {
      "inputs": {
        "nixpkgs": [
          "nixpkgs"
        ]
      },
      "locked": {
        "lastModified": 1782404455,
        "narHash": "sha256-yJvy+JrrHxkl+XWZFQo/5o8WSNPUI0O+2yoT2CFKgbI=",
        "owner": "fzakaria",
        "repo": "nix-auto-follow",
        "rev": "83f2b736b2705e536eff7e5075e7b15fba12cb22",
        "type": "github"
      },
      "original": {
        "owner": "fzakaria",
        "repo": "nix-auto-follow",
        "type": "github"
      }
    },
    "nix-flatpak": {
      "locked": {
        "lastModified": 1767983141,
        "narHash": "sha256-7ZCulYUD9RmJIDULTRkGLSW1faMpDlPKcbWJLYHoXcs=",
        "owner": "gmodena",
        "repo": "nix-flatpak",
        "rev": "440818969ac2cbd77bfe025e884d0aa528991374",
        "type": "github"
      },
      "original": {
        "owner": "gmodena",
        "ref": "latest",
        "repo": "nix-flatpak",
        "type": "github"
      }
    },
    "nix-index-database": {
      "inputs": {
        "nixpkgs": "nixpkgs_3"
      },
      "locked": {
        "lastModified": 1787457452,
        "narHash": "sha256-FJh4esFS3zqNNuKwvN3t6wrJGewqp1AUF9DAEvoKPD8=",
        "owner": "nix-community",
        "repo": "nix-index-database",
        "rev": "c51d5c2ba69c907a34e90c9b6b80cd2b93811745",
        "type": "github"
      },
      "original": {
        "owner": "nix-community",
        "repo": "nix-index-database",
        "type": "github"
      }
    },
    "nixpkgs": {
      "locked": {
        "lastModified": 1787640266,
        "narHash": "sha256-tbu/95O8ZRmCj0kfSiDvz3YT7GSnD0fO6cxLRVYtXnU=",
        "rev": "f4f698677b11021a8f84f452e23ae9ef2427bec3",
        "type": "tarball",
        "url": "https://releases.nixos.org/nixos/26.05/nixos-26.05.8409.f4f698677b11/nixexprs.tar.xz"
      },
      "original": {
        "type": "tarball",
        "url": "https://channels.nixos.org/nixos-26.05/nixexprs.tar.xz"
      }
    },
    "nixpkgs-unstable": {
      "locked": {
        "lastModified": 1787498568,
        "narHash": "sha256-FoOSoBG7tEvOlGRTpWnVdY506Ner4y7r7UYO3OGgmE8=",
        "rev": "56c02bc00adcf003215cc4bd996d6efaf4cff188",
        "type": "tarball",
        "url": "https://releases.nixos.org/nixos/unstable/nixos-26.11pre1060451.56c02bc00adc/nixexprs.tar.xz"
      },
      "original": {
        "type": "tarball",
        "url": "https://channels.nixos.org/nixos-unstable/nixexprs.tar.xz"
      }
    },
    "nixpkgs_2": {
      "locked": {
        "lastModified": 1787640266,
        "narHash": "sha256-tbu/95O8ZRmCj0kfSiDvz3YT7GSnD0fO6cxLRVYtXnU=",
        "rev": "f4f698677b11021a8f84f452e23ae9ef2427bec3",
        "type": "tarball",
        "url": "https://releases.nixos.org/nixos/26.05/nixos-26.05.8409.f4f698677b11/nixexprs.tar.xz"
      },
      "original": {
        "type": "tarball",
        "url": "https://channels.nixos.org/nixos-26.05/nixexprs.tar.xz"
      }
    },
    "nixpkgs_3": {
      "locked": {
        "lastModified": 1787640266,
        "narHash": "sha256-tbu/95O8ZRmCj0kfSiDvz3YT7GSnD0fO6cxLRVYtXnU=",
        "rev": "f4f698677b11021a8f84f452e23ae9ef2427bec3",
        "type": "tarball",
        "url": "https://releases.nixos.org/nixos/26.05/nixos-26.05.8409.f4f698677b11/nixexprs.tar.xz"
      },
      "original": {
        "type": "tarball",
        "url": "https://channels.nixos.org/nixos-26.05/nixexprs.tar.xz"
      }
    },
    "nixpkgs_4": {
      "locked": {
        "lastModified": 1787640266,
        "narHash": "sha256-tbu/95O8ZRmCj0kfSiDvz3YT7GSnD0fO6cxLRVYtXnU=",
        "rev": "f4f698677b11021a8f84f452e23ae9ef2427bec3",
        "type": "tarball",
        "url": "https://releases.nixos.org/nixos/26.05/nixos-26.05.8409.f4f698677b11/nixexprs.tar.xz"
      },
      "original": {
        "type": "tarball",
        "url": "https://channels.nixos.org/nixos-26.05/nixexprs.tar.xz"
      }
    },
    "nixpkgs_5": {
      "locked": {
        "lastModified": 1787640266,
        "narHash": "sha256-tbu/95O8ZRmCj0kfSiDvz3YT7GSnD0fO6cxLRVYtXnU=",
        "rev": "f4f698677b11021a8f84f452e23ae9ef2427bec3",
        "type": "tarball",
        "url": "https://releases.nixos.org/nixos/26.05/nixos-26.05.8409.f4f698677b11/nixexprs.tar.xz"
      },
      "original": {
        "type": "tarball",
        "url": "https://channels.nixos.org/nixos-26.05/nixexprs.tar.xz"
      }
    },
    "nixpkgs_6": {
      "locked": {
        "lastModified": 1787305858,
        "narHash": "sha256-IxabTv0+vrHxWceCvIDOGKedms6MdkIgsMqkAugNoN8=",
        "owner": "NixOS",
        "repo": "nixpkgs",
        "rev": "63a410de48ab4442e5bf62ee5b4ce71bdf7478b0",
        "type": "github"
      },
      "original": {
        "owner": "NixOS",
        "ref": "master",
        "repo": "nixpkgs",
        "type": "github"
      }
    },
    "nixpkgs_7": {
      "locked": {
        "lastModified": 1787640266,
        "narHash": "sha256-tbu/95O8ZRmCj0kfSiDvz3YT7GSnD0fO6cxLRVYtXnU=",
        "rev": "f4f698677b11021a8f84f452e23ae9ef2427bec3",
        "type": "tarball",
        "url": "https://releases.nixos.org/nixos/26.05/nixos-26.05.8409.f4f698677b11/nixexprs.tar.xz"
      },
      "original": {
        "type": "tarball",
        "url": "https://channels.nixos.org/nixos-26.05/nixexprs.tar.xz"
      }
    },
    "nixvim": {
      "inputs": {
        "flake-parts": "flake-parts_3",
        "nixpkgs": "nixpkgs_5",
        "systems": "systems_2"
      },
      "locked": {
        "lastModified": 1787536726,
        "narHash": "sha256-aBh5Yk9tX8ZV4k10BJr2fvTq0/+iWGegaCMUOU7YKas=",
        "owner": "nix-community",
        "repo": "nixvim",
        "rev": "e2c3f9f36326d07340626847543c557e2b95fb50",
        "type": "github"
      },
      "original": {
        "owner": "nix-community",
        "ref": "nixos-26.05",
        "repo": "nixvim",
        "type": "github"
      }
    },
    "root": {
      "inputs": {
        "disko": "disko",
        "flake-file": "flake-file",
        "flake-parts": "flake-parts",
        "home-manager": "home-manager",
        "import-tree": "import-tree",
        "llm-agents": "llm-agents",
        "nix-auto-follow": "nix-auto-follow",
        "nix-flatpak": "nix-flatpak",
        "nix-index-database": "nix-index-database",
        "nixpkgs": "nixpkgs_4",
        "nixpkgs-unstable": "nixpkgs-unstable",
        "nixvim": "nixvim",
        "sfd-nix": "sfd-nix",
        "sops-nix": "sops-nix"
      }
    },
    "sfd-nix": {
      "inputs": {
        "nixpkgs": "nixpkgs_6"
      },
      "locked": {
        "lastModified": 1787586343,
        "narHash": "sha256-xjZPqCxTVaknO+REWhri3n3mKXwms3nyzLMGQ5gVZRM=",
        "ref": "refs/heads/main",
        "rev": "75df9932568d746b096e4f702e1184beb3e46cc9",
        "revCount": 14,
        "type": "git",
        "url": "https://forge.asnk.io/sugar/sfd-nix"
      },
      "original": {
        "type": "git",
        "url": "https://forge.asnk.io/sugar/sfd-nix"
      }
    },
    "sops-nix": {
      "inputs": {
        "nixpkgs": "nixpkgs_7"
      },
      "locked": {
        "lastModified": 1786629091,
        "narHash": "sha256-gkig4nPi1CWc4Z50GBsjE4ygSE7hMpl/TwID2an2Cck=",
        "owner": "Mic92",
        "repo": "sops-nix",
        "rev": "a8627b21b9107c5711c96b84f32a9a4b3d45295f",
        "type": "github"
      },
      "original": {
        "owner": "Mic92",
        "repo": "sops-nix",
        "type": "github"
      }
    },
    "systems": {
      "locked": {
        "lastModified": 1681028828,
        "narHash": "sha256-Vy1rq5AaRuLzOxct8nz4T6wlgyUR7zLU309k9mBC768=",
        "owner": "nix-systems",
        "repo": "default",
        "rev": "da67096a3b9bf56a91d16901293e51ba5b49a27e",
        "type": "github"
      },
      "original": {
        "owner": "nix-systems",
        "repo": "default",
        "type": "github"
      }
    },
    "systems_2": {
      "locked": {
        "lastModified": 1681028828,
        "narHash": "sha256-Vy1rq5AaRuLzOxct8nz4T6wlgyUR7zLU309k9mBC768=",
        "owner": "nix-systems",
        "repo": "default",
        "rev": "da67096a3b9bf56a91d16901293e51ba5b49a27e",
        "type": "github"
      },
      "original": {
        "owner": "nix-systems",
        "repo": "default",
        "type": "github"
      }
    },
    "treefmt-nix": {
      "inputs": {
        "nixpkgs": [
          "llm-agents",
          "nixpkgs"
        ]
      },
      "locked": {
        "lastModified": 1786901030,
        "narHash": "sha256-WSFCsDSE5ffgD2MqzkM2CYjeFiKhRF/dJUN8uedb6YE=",
        "owner": "numtide",
        "repo": "treefmt-nix",
        "rev": "27b3b12a8e6375f28ebe122f07d230ca5459bbfa",
        "type": "github"
      },
      "original": {
        "owner": "numtide",
        "repo": "treefmt-nix",
        "type": "github"
      }
    }
  },
  "root": "root",
  "version": 7
}
